// !$*UTF8*$!
{
	archiveVersion = 1;
	classes = {
	};
	objectVersion = 55;
	objects = {

/* Begin PBXBuildFile section */
		40C27D4C27FB35A20057B85D /* HomeView.swift in Sources */ = {isa = PBXBuildFile; fileRef = 40C27D4B27FB35A20057B85D /* HomeView.swift */; };
		40C27D4E27FB362F0057B85D /* ProjectsView.swift in Sources */ = {isa = PBXBuildFile; fileRef = 40C27D4D27FB362F0057B85D /* ProjectsView.swift */; };
		40F5CBC227F4B7F700672AF8 /* UltimatePortoflioAppApp.swift in Sources */ = {isa = PBXBuildFile; fileRef = 40F5CBC127F4B7F700672AF8 /* UltimatePortoflioAppApp.swift */; };
		40F5CBC427F4B7F700672AF8 /* ContentView.swift in Sources */ = {isa = PBXBuildFile; fileRef = 40F5CBC327F4B7F700672AF8 /* ContentView.swift */; };
		40F5CBC627F4B7F900672AF8 /* Assets.xcassets in Resources */ = {isa = PBXBuildFile; fileRef = 40F5CBC527F4B7F900672AF8 /* Assets.xcassets */; };
		40F5CBC927F4B7F900672AF8 /* Preview Assets.xcassets in Resources */ = {isa = PBXBuildFile; fileRef = 40F5CBC827F4B7F900672AF8 /* Preview Assets.xcassets */; };
		40F5CBD127F4B8C700672AF8 /* Main.xcdatamodeld in Sources */ = {isa = PBXBuildFile; fileRef = 40F5CBCF27F4B8C700672AF8 /* Main.xcdatamodeld */; };
		40F5CBD327F4C6C700672AF8 /* DataController.swift in Sources */ = {isa = PBXBuildFile; fileRef = 40F5CBD227F4C6C700672AF8 /* DataController.swift */; };
/* End PBXBuildFile section */

/* Begin PBXFileReference section */
		40C27D4A27FB32920057B85D /* Info.plist */ = {isa = PBXFileReference; lastKnownFileType = text.plist; path = Info.plist; sourceTree = "<group>"; };
		40C27D4B27FB35A20057B85D /* HomeView.swift */ = {isa = PBXFileReference; lastKnownFileType = sourcecode.swift; path = HomeView.swift; sourceTree = "<group>"; };
		40C27D4D27FB362F0057B85D /* ProjectsView.swift */ = {isa = PBXFileReference; lastKnownFileType = sourcecode.swift; path = ProjectsView.swift; sourceTree = "<group>"; };
		40F5CBBE27F4B7F700672AF8 /* UltimatePortoflioApp.app */ = {isa = PBXFileReference; explicitFileType = wrapper.application; includeInIndex = 0; path = UltimatePortoflioApp.app; sourceTree = BUILT_PRODUCTS_DIR; };
		40F5CBC127F4B7F700672AF8 /* UltimatePortoflioAppApp.swift */ = {isa = PBXFileReference; lastKnownFileType = sourcecode.swift; path = UltimatePortoflioAppApp.swift; sourceTree = "<group>"; };
		40F5CBC327F4B7F700672AF8 /* ContentView.swift */ = {isa = PBXFileReference; lastKnownFileType = sourcecode.swift; path = ContentView.swift; sourceTree = "<group>"; };
		40F5CBC527F4B7F900672AF8 /* Assets.xcassets */ = {isa = PBXFileReference; lastKnownFileType = folder.assetcatalog; path = Assets.xcassets; sourceTree = "<group>"; };
		40F5CBC827F4B7F900672AF8 /* Preview Assets.xcassets */ = {isa = PBXFileReference; lastKnownFileType = folder.assetcatalog; path = "Preview Assets.xcassets"; sourceTree = "<group>"; };
		40F5CBD027F4B8C700672AF8 /* Main.xcdatamodel */ = {isa = PBXFileReference; lastKnownFileType = wrapper.xcdatamodel; path = Main.xcdatamodel; sourceTree = "<group>"; };
		40F5CBD227F4C6C700672AF8 /* DataController.swift */ = {isa = PBXFileReference; lastKnownFileType = sourcecode.swift; path = DataController.swift; sourceTree = "<group>"; };
/* End PBXFileReference section */

/* Begin PBXFrameworksBuildPhase section */
		40F5CBBB27F4B7F700672AF8 /* Frameworks */ = {
			isa = PBXFrameworksBuildPhase;
			buildActionMask = 2147483647;
			files = (
			);
			runOnlyForDeploymentPostprocessing = 0;
		};
/* End PBXFrameworksBuildPhase section */

/* Begin PBXGroup section */
		40F5CBB527F4B7F700672AF8 = {
			isa = PBXGroup;
			children = (
				40F5CBC027F4B7F700672AF8 /* UltimatePortoflioApp */,
				40F5CBBF27F4B7F700672AF8 /* Products */,
			);
			sourceTree = "<group>";
		};
		40F5CBBF27F4B7F700672AF8 /* Products */ = {
			isa = PBXGroup;
			children = (
				40F5CBBE27F4B7F700672AF8 /* UltimatePortoflioApp.app */,
			);
			name = Products;
			sourceTree = "<group>";
		};
		40F5CBC027F4B7F700672AF8 /* UltimatePortoflioApp */ = {
			isa = PBXGroup;
			children = (
				40C27D4A27FB32920057B85D /* Info.plist */,
				40F5CBC127F4B7F700672AF8 /* UltimatePortoflioAppApp.swift */,
				40F5CBC327F4B7F700672AF8 /* ContentView.swift */,
				40F5CBCF27F4B8C700672AF8 /* Main.xcdatamodeld */,
				40F5CBD227F4C6C700672AF8 /* DataController.swift */,
				40F5CBC527F4B7F900672AF8 /* Assets.xcassets */,
				40F5CBC727F4B7F900672AF8 /* Preview Content */,
				40C27D4B27FB35A20057B85D /* HomeView.swift */,
				40C27D4D27FB362F0057B85D /* ProjectsView.swift */,
			);
			path = UltimatePortoflioApp;
			sourceTree = "<group>";
		};
		40F5CBC727F4B7F900672AF8 /* Preview Content */ = {
			isa = PBXGroup;
			children = (
				40F5CBC827F4B7F900672AF8 /* Preview Assets.xcassets */,
			);
			path = "Preview Content";
			sourceTree = "<group>";
		};
/* End PBXGroup section */

/* Begin PBXNativeTarget section */
		40F5CBBD27F4B7F700672AF8 /* UltimatePortoflioApp */ = {
			isa = PBXNativeTarget;
			buildConfigurationList = 40F5CBCC27F4B7F900672AF8 /* Build configuration list for PBXNativeTarget "UltimatePortoflioApp" */;
			buildPhases = (
				40F5CBBA27F4B7F700672AF8 /* Sources */,
				40F5CBBB27F4B7F700672AF8 /* Frameworks */,
				40F5CBBC27F4B7F700672AF8 /* Resources */,
			);
			buildRules = (
			);
			dependencies = (
			);
			name = UltimatePortoflioApp;
			productName = UltimatePortoflioApp;
			productReference = 40F5CBBE27F4B7F700672AF8 /* UltimatePortoflioApp.app */;
			productType = "com.apple.product-type.application";
		};
/* End PBXNativeTarget section */

/* Begin PBXProject section */
		40F5CBB627F4B7F700672AF8 /* Project object */ = {
			isa = PBXProject;
			attributes = {
				BuildIndependentTargetsInParallel = 1;
				LastSwiftUpdateCheck = 1330;
				LastUpgradeCheck = 1330;
				TargetAttributes = {
					40F5CBBD27F4B7F700672AF8 = {
						CreatedOnToolsVersion = 13.3;
					};
				};
			};
			buildConfigurationList = 40F5CBB927F4B7F700672AF8 /* Build configuration list for PBXProject "UltimatePortoflioApp" */;
			compatibilityVersion = "Xcode 13.0";
			developmentRegion = en;
			hasScannedForEncodings = 0;
			knownRegions = (
				en,
				Base,
			);
			mainGroup = 40F5CBB527F4B7F700672AF8;
			productRefGroup = 40F5CBBF27F4B7F700672AF8 /* Products */;
			projectDirPath = "";
			projectRoot = "";
			targets = (
				40F5CBBD27F4B7F700672AF8 /* UltimatePortoflioApp */,
			);
		};
/* End PBXProject section */

/* Begin PBXResourcesBuildPhase section */
		40F5CBBC27F4B7F700672AF8 /* Resources */ = {
			isa = PBXResourcesBuildPhase;
			buildActionMask = 2147483647;
			files = (
				40F5CBC927F4B7F900672AF8 /* Preview Assets.xcassets in Resources */,
				40F5CBC627F4B7F900672AF8 /* Assets.xcassets in Resources */,
			);
			runOnlyForDeploymentPostprocessing = 0;
		};
/* End PBXResourcesBuildPhase section */

/* Begin PBXSourcesBuildPhase section */
		40F5CBBA27F4B7F700672AF8 /* Sources */ = {
			isa = PBXSourcesBuildPhase;
			buildActionMask = 2147483647;
			files = (
				40C27D4E27FB362F0057B85D /* ProjectsView.swift in Sources */,
				40F5CBD127F4B8C700672AF8 /* Main.xcdatamodeld in Sources */,
				40F5CBD327F4C6C700672AF8 /* DataController.swift in Sources */,
				40F5CBC427F4B7F700672AF8 /* ContentView.swift in Sources */,
				40C27D4C27FB35A20057B85D /* HomeView.swift in Sources */,
				40F5CBC227F4B7F700672AF8 /* UltimatePortoflioAppApp.swift in Sources */,
			);
			runOnlyForDeploymentPostprocessing = 0;
		};
/* End PBXSourcesBuildPhase section */

/* Begin XCBuildConfiguration section */
		40F5CBCA27F4B7F900672AF8 /* Debug */ = {
			isa = XCBuildConfiguration;
			buildSettings = {
				ALWAYS_SEARCH_USER_PATHS = NO;
				CLANG_ANALYZER_NONNULL = YES;
				CLANG_ANALYZER_NUMBER_OBJECT_CONVERSION = YES_AGGRESSIVE;
				CLANG_CXX_LANGUAGE_STANDARD = "gnu++17";
				CLANG_ENABLE_MODULES = YES;
				CLANG_ENABLE_OBJC_ARC = YES;
				CLANG_ENABLE_OBJC_WEAK = YES;
				CLANG_WARN_BLOCK_CAPTURE_AUTORELEASING = YES;
				CLANG_WARN_BOOL_CONVERSION = YES;
				CLANG_WARN_COMMA = YES;
				CLANG_WARN_CONSTANT_CONVERSION = YES;
				CLANG_WARN_DEPRECATED_OBJC_IMPLEMENTATIONS = YES;
				CLANG_WARN_DIRECT_OBJC_ISA_USAGE = YES_ERROR;
				CLANG_WARN_DOCUMENTATION_COMMENTS = YES;
				CLANG_WARN_EMPTY_BODY = YES;
				CLANG_WARN_ENUM_CONVERSION = YES;
				CLANG_WARN_INFINITE_RECURSION = YES;
				CLANG_WARN_INT_CONVERSION = YES;
				CLANG_WARN_NON_LITERAL_NULL_CONVERSION = YES;
				CLANG_WARN_OBJC_IMPLICIT_RETAIN_SELF = YES;
				CLANG_WARN_OBJC_LITERAL_CONVERSION = YES;
				CLANG_WARN_OBJC_ROOT_CLASS = YES_ERROR;
				CLANG_WARN_QUOTED_INCLUDE_IN_FRAMEWORK_HEADER = YES;
				CLANG_WARN_RANGE_LOOP_ANALYSIS = YES;
				CLANG_WARN_STRICT_PROTOTYPES = YES;
				CLANG_WARN_SUSPICIOUS_MOVE = YES;
				CLANG_WARN_UNGUARDED_AVAILABILITY = YES_AGGRESSIVE;
				CLANG_WARN_UNREACHABLE_CODE = YES;
				CLANG_WARN__DUPLICATE_METHOD_MATCH = YES;
				COPY_PHASE_STRIP = NO;
				DEBUG_INFORMATION_FORMAT = dwarf;
				ENABLE_STRICT_OBJC_MSGSEND = YES;
				ENABLE_TESTABILITY = YES;
				GCC_C_LANGUAGE_STANDARD = gnu11;
				GCC_DYNAMIC_NO_PIC = NO;
				GCC_NO_COMMON_BLOCKS = YES;
				GCC_OPTIMIZATION_LEVEL = 0;
				GCC_PREPROCESSOR_DEFINITIONS = (
					"DEBUG=1",
					"$(inherited)",
				);
				GCC_WARN_64_TO_32_BIT_CONVERSION = YES;
				GCC_WARN_ABOUT_RETURN_TYPE = YES_ERROR;
				GCC_WARN_UNDECLARED_SELECTOR = YES;
				GCC_WARN_UNINITIALIZED_AUTOS = YES_AGGRESSIVE;
				GCC_WARN_UNUSED_FUNCTION = YES;
				GCC_WARN_UNUSED_VARIABLE = YES;
				IPHONEOS_DEPLOYMENT_TARGET = 15.4;
				MTL_ENABLE_DEBUG_INFO = INCLUDE_SOURCE;
				MTL_FAST_MATH = YES;
				ONLY_ACTIVE_ARCH = YES;
				SDKROOT = iphoneos;
				SWIFT_ACTIVE_COMPILATION_CONDITIONS = DEBUG;
				SWIFT_OPTIMIZATION_LEVEL = "-Onone";
			};
			name = Debug;
		};
		40F5CBCB27F4B7F900672AF8 /* Release */ = {
			isa = XCBuildConfiguration;
			buildSettings = {
				ALWAYS_SEARCH_USER_PATHS = NO;
				CLANG_ANALYZER_NONNULL = YES;
				CLANG_ANALYZER_NUMBER_OBJECT_CONVERSION = YES_AGGRESSIVE;
				CLANG_CXX_LANGUAGE_STANDARD = "gnu++17";
				CLANG_ENABLE_MODULES = YES;
				CLANG_ENABLE_OBJC_ARC = YES;
				CLANG_ENABLE_OBJC_WEAK = YES;
				CLANG_WARN_BLOCK_CAPTURE_AUTORELEASING = YES;
				CLANG_WARN_BOOL_CONVERSION = YES;
				CLANG_WARN_COMMA = YES;
				CLANG_WARN_CONSTANT_CONVERSION = YES;
				CLANG_WARN_DEPRECATED_OBJC_IMPLEMENTATIONS = YES;
				CLANG_WARN_DIRECT_OBJC_ISA_USAGE = YES_ERROR;
				CLANG_WARN_DOCUMENTATION_COMMENTS = YES;
				CLANG_WARN_EMPTY_BODY = YES;
				CLANG_WARN_ENUM_CONVERSION = YES;
				CLANG_WARN_INFINITE_RECURSION = YES;
				CLANG_WARN_INT_CONVERSION = YES;
				CLANG_WARN_NON_LITERAL_NULL_CONVERSION = YES;
				CLANG_WARN_OBJC_IMPLICIT_RETAIN_SELF = YES;
				CLANG_WARN_OBJC_LITERAL_CONVERSION = YES;
				CLANG_WARN_OBJC_ROOT_CLASS = YES_ERROR;
				CLANG_WARN_QUOTED_INCLUDE_IN_FRAMEWORK_HEADER = YES;
				CLANG_WARN_RANGE_LOOP_ANALYSIS = YES;
				CLANG_WARN_STRICT_PROTOTYPES = YES;
				CLANG_WARN_SUSPICIOUS_MOVE = YES;
				CLANG_WARN_UNGUARDED_AVAILABILITY = YES_AGGRESSIVE;
				CLANG_WARN_UNREACHABLE_CODE = YES;
				CLANG_WARN__DUPLICATE_METHOD_MATCH = YES;
				COPY_PHASE_STRIP = NO;
				DEBUG_INFORMATION_FORMAT = "dwarf-with-dsym";
				ENABLE_NS_ASSERTIONS = NO;
				ENABLE_STRICT_OBJC_MSGSEND = YES;
				GCC_C_LANGUAGE_STANDARD = gnu11;
				GCC_NO_COMMON_BLOCKS = YES;
				GCC_WARN_64_TO_32_BIT_CONVERSION = YES;
				GCC_WARN_ABOUT_RETURN_TYPE = YES_ERROR;
				GCC_WARN_UNDECLARED_SELECTOR = YES;
				GCC_WARN_UNINITIALIZED_AUTOS = YES_AGGRESSIVE;
				GCC_WARN_UNUSED_FUNCTION = YES;
				GCC_WARN_UNUSED_VARIABLE = YES;
				IPHONEOS_DEPLOYMENT_TARGET = 15.4;
				MTL_ENABLE_DEBUG_INFO = NO;
				MTL_FAST_MATH = YES;
				SDKROOT = iphoneos;
				SWIFT_COMPILATION_MODE = wholemodule;
				SWIFT_OPTIMIZATION_LEVEL = "-O";
				VALIDATE_PRODUCT = YES;
			};
			name = Release;
		};
		40F5CBCD27F4B7F900672AF8 /* Debug */ = {
			isa = XCBuildConfiguration;
			buildSettings = {
				ASSETCATALOG_COMPILER_APPICON_NAME = AppIcon;
				ASSETCATALOG_COMPILER_GLOBAL_ACCENT_COLOR_NAME = AccentColor;
				CODE_SIGN_STYLE = Automatic;
				CURRENT_PROJECT_VERSION = 1;
				DEVELOPMENT_ASSET_PATHS = "\"UltimatePortoflioApp/Preview Content\"";
				DEVELOPMENT_TEAM = FU45F4SL37;
				ENABLE_PREVIEWS = YES;
				GENERATE_INFOPLIST_FILE = YES;
				INFOPLIST_FILE = UltimatePortoflioApp/Info.plist;
				INFOPLIST_KEY_UIApplicationSceneManifest_Generation = YES;
				INFOPLIST_KEY_UIApplicationSupportsIndirectInputEvents = YES;
				INFOPLIST_KEY_UILaunchScreen_Generation = YES;
				INFOPLIST_KEY_UISupportedInterfaceOrientations_iPad = "UIInterfaceOrientationPortrait UIInterfaceOrientationPortraitUpsideDown UIInterfaceOrientationLandscapeLeft UIInterfaceOrientationLandscapeRight";
				INFOPLIST_KEY_UISupportedInterfaceOrientations_iPhone = "UIInterfaceOrientationPortrait UIInterfaceOrientationLandscapeLeft UIInterfaceOrientationLandscapeRight";
				LD_RUNPATH_SEARCH_PATHS = (
					"$(inherited)",
					"@executable_path/Frameworks",
				);
				MARKETING_VERSION = 1.0;
				PRODUCT_BUNDLE_IDENTIFIER = me.ogrodowski.tomasz.UltimatePortoflioApp;
				PRODUCT_NAME = "$(TARGET_NAME)";
				SWIFT_EMIT_LOC_STRINGS = YES;
				SWIFT_VERSION = 5.0;
				TARGETED_DEVICE_FAMILY = "1,2";
			};
			name = Debug;
		};
		40F5CBCE27F4B7F900672AF8 /* Release */ = {
			isa = XCBuildConfiguration;
			buildSettings = {
				ASSETCATALOG_COMPILER_APPICON_NAME = AppIcon;
				ASSETCATALOG_COMPILER_GLOBAL_ACCENT_COLOR_NAME = AccentColor;
				CODE_SIGN_STYLE = Automatic;
				CURRENT_PROJECT_VERSION = 1;
				DEVELOPMENT_ASSET_PATHS = "\"UltimatePortoflioApp/Preview Content\"";
				DEVELOPMENT_TEAM = FU45F4SL37;
				ENABLE_PREVIEWS = YES;
				GENERATE_INFOPLIST_FILE = YES;
				INFOPLIST_FILE = UltimatePortoflioApp/Info.plist;
				INFOPLIST_KEY_UIApplicationSceneManifest_Generation = YES;
				INFOPLIST_KEY_UIApplicationSupportsIndirectInputEvents = YES;
				INFOPLIST_KEY_UILaunchScreen_Generation = YES;
				INFOPLIST_KEY_UISupportedInterfaceOrientations_iPad = "UIInterfaceOrientationPortrait UIInterfaceOrientationPortraitUpsideDown UIInterfaceOrientationLandscapeLeft UIInterfaceOrientationLandscapeRight";
				INFOPLIST_KEY_UISupportedInterfaceOrientations_iPhone = "UIInterfaceOrientationPortrait UIInterfaceOrientationLandscapeLeft UIInterfaceOrientationLandscapeRight";
				LD_RUNPATH_SEARCH_PATHS = (
					"$(inherited)",
					"@executable_path/Frameworks",
				);
				MARKETING_VERSION = 1.0;
				PRODUCT_BUNDLE_IDENTIFIER = me.ogrodowski.tomasz.UltimatePortoflioApp;
				PRODUCT_NAME = "$(TARGET_NAME)";
				SWIFT_EMIT_LOC_STRINGS = YES;
				SWIFT_VERSION = 5.0;
				TARGETED_DEVICE_FAMILY = "1,2";
			};
			name = Release;
		};
/* End XCBuildConfiguration section */

/* Begin XCConfigurationList section */
		40F5CBB927F4B7F700672AF8 /* Build configuration list for PBXProject "UltimatePortoflioApp" */ = {
			isa = XCConfigurationList;
			buildConfigurations = (
				40F5CBCA27F4B7F900672AF8 /* Debug */,
				40F5CBCB27F4B7F900672AF8 /* Release */,
			);
			defaultConfigurationIsVisible = 0;
			defaultConfigurationName = Release;
		};
		40F5CBCC27F4B7F900672AF8 /* Build configuration list for PBXNativeTarget "UltimatePortoflioApp" */ = {
			isa = XCConfigurationList;
			buildConfigurations = (
				40F5CBCD27F4B7F900672AF8 /* Debug */,
				40F5CBCE27F4B7F900672AF8 /* Release */,
			);
			defaultConfigurationIsVisible = 0;
			defaultConfigurationName = Release;
		};
/* End XCConfigurationList section */

/* Begin XCVersionGroup section */
		40F5CBCF27F4B8C700672AF8 /* Main.xcdatamodeld */ = {
			isa = XCVersionGroup;
			children = (
				40F5CBD027F4B8C700672AF8 /* Main.xcdatamodel */,
			);
			currentVersion = 40F5CBD027F4B8C700672AF8 /* Main.xcdatamodel */;
			path = Main.xcdatamodeld;
			sourceTree = "<group>";
			versionGroupType = wrapper.xcdatamodel;
		};
/* End XCVersionGroup section */
	};
	rootObject = 40F5CBB627F4B7F700672AF8 /* Project object */;
}
