// !$*UTF8*$!
{
	archiveVersion = 1;
	classes = {
	};
	objectVersion = 55;
	objects = {

/* Begin PBXBuildFile section */
		4038CBDC27FF561200AE5BDF /* SelectSomethingView.swift in Sources */ = {isa = PBXBuildFile; fileRef = 4038CBDB27FF561200AE5BDF /* SelectSomethingView.swift */; };
		403EE22428009995006D20B1 /* Localizable.strings in Resources */ = {isa = PBXBuildFile; fileRef = 403EE22628009995006D20B1 /* Localizable.strings */; };
		403EE22828009A21006D20B1 /* Localizable.stringsdict in Resources */ = {isa = PBXBuildFile; fileRef = 403EE22A28009A21006D20B1 /* Localizable.stringsdict */; };
		403EE22C28009ADF006D20B1 /* Awards.json in Resources */ = {isa = PBXBuildFile; fileRef = 403EE22E28009ADF006D20B1 /* Awards.json */; };
		403EE231280309B8006D20B1 /* ItemListView.swift in Sources */ = {isa = PBXBuildFile; fileRef = 403EE230280309B8006D20B1 /* ItemListView.swift */; };
		403EE23328030A99006D20B1 /* ProjectSummaryView.swift in Sources */ = {isa = PBXBuildFile; fileRef = 403EE23228030A99006D20B1 /* ProjectSummaryView.swift */; };
		40765FCA27FB689100F7DAB4 /* Item-CoreDataHelpers.swift in Sources */ = {isa = PBXBuildFile; fileRef = 40765FC927FB689100F7DAB4 /* Item-CoreDataHelpers.swift */; };
		40765FCC27FB69B300F7DAB4 /* Project-CoreDataHelpers.swift in Sources */ = {isa = PBXBuildFile; fileRef = 40765FCB27FB69B300F7DAB4 /* Project-CoreDataHelpers.swift */; };
		40935B4F2805B9A7001F5114 /* UltimatePortfolioAppTests.swift in Sources */ = {isa = PBXBuildFile; fileRef = 40935B4E2805B9A7001F5114 /* UltimatePortfolioAppTests.swift */; };
		40935B562805BBE2001F5114 /* AssetTest.swift in Sources */ = {isa = PBXBuildFile; fileRef = 40935B552805BBE2001F5114 /* AssetTest.swift */; };
		409DC7F427FD957B003720DC /* EditItemView.swift in Sources */ = {isa = PBXBuildFile; fileRef = 409DC7F327FD957B003720DC /* EditItemView.swift */; };
		409DC7F627FD99E8003720DC /* ItemRowView.swift in Sources */ = {isa = PBXBuildFile; fileRef = 409DC7F527FD99E8003720DC /* ItemRowView.swift */; };
		409DC7F827FD9DB2003720DC /* Binding-onChange.swift in Sources */ = {isa = PBXBuildFile; fileRef = 409DC7F727FD9DB2003720DC /* Binding-onChange.swift */; };
		409DC7FA27FDA66E003720DC /* ProjectHeaderView.swift in Sources */ = {isa = PBXBuildFile; fileRef = 409DC7F927FDA66E003720DC /* ProjectHeaderView.swift */; };
		409DC7FC27FDA937003720DC /* Colors.xcassets in Resources */ = {isa = PBXBuildFile; fileRef = 409DC7FB27FDA937003720DC /* Colors.xcassets */; };
		409DC7FE27FDB339003720DC /* EditProjectView.swift in Sources */ = {isa = PBXBuildFile; fileRef = 409DC7FD27FDB339003720DC /* EditProjectView.swift */; };
		40A5CCD628003DBB007E44F7 /* Bundle-Decodable.swift in Sources */ = {isa = PBXBuildFile; fileRef = 40A5CCD528003DBB007E44F7 /* Bundle-Decodable.swift */; };
		40A5CCDA2800456B007E44F7 /* Award.swift in Sources */ = {isa = PBXBuildFile; fileRef = 40A5CCD92800456B007E44F7 /* Award.swift */; };
		40A5CCDC2800464F007E44F7 /* AwardsView.swift in Sources */ = {isa = PBXBuildFile; fileRef = 40A5CCDB2800464F007E44F7 /* AwardsView.swift */; };
		40A5CCDE28005AB3007E44F7 /* Color-Additions.swift in Sources */ = {isa = PBXBuildFile; fileRef = 40A5CCDD28005AB3007E44F7 /* Color-Additions.swift */; };
		40C27D4C27FB35A20057B85D /* HomeView.swift in Sources */ = {isa = PBXBuildFile; fileRef = 40C27D4B27FB35A20057B85D /* HomeView.swift */; };
		40C27D4E27FB362F0057B85D /* ProjectsView.swift in Sources */ = {isa = PBXBuildFile; fileRef = 40C27D4D27FB362F0057B85D /* ProjectsView.swift */; };
		40E088802806CF9200E0BC78 /* ProjectTests.swift in Sources */ = {isa = PBXBuildFile; fileRef = 40E0887F2806CF9200E0BC78 /* ProjectTests.swift */; };
		40E088822806D7E700E0BC78 /* AwardTests.swift in Sources */ = {isa = PBXBuildFile; fileRef = 40E088812806D7E700E0BC78 /* AwardTests.swift */; };
		40E088842806F14200E0BC78 /* DevelopmentTests.swift in Sources */ = {isa = PBXBuildFile; fileRef = 40E088832806F14200E0BC78 /* DevelopmentTests.swift */; };
		40F5CBC227F4B7F700672AF8 /* UltimatePortoflioAppApp.swift in Sources */ = {isa = PBXBuildFile; fileRef = 40F5CBC127F4B7F700672AF8 /* UltimatePortoflioAppApp.swift */; };
		40F5CBC427F4B7F700672AF8 /* ContentView.swift in Sources */ = {isa = PBXBuildFile; fileRef = 40F5CBC327F4B7F700672AF8 /* ContentView.swift */; };
		40F5CBC627F4B7F900672AF8 /* Assets.xcassets in Resources */ = {isa = PBXBuildFile; fileRef = 40F5CBC527F4B7F900672AF8 /* Assets.xcassets */; };
		40F5CBC927F4B7F900672AF8 /* Preview Assets.xcassets in Resources */ = {isa = PBXBuildFile; fileRef = 40F5CBC827F4B7F900672AF8 /* Preview Assets.xcassets */; };
		40F5CBD127F4B8C700672AF8 /* Main.xcdatamodeld in Sources */ = {isa = PBXBuildFile; fileRef = 40F5CBCF27F4B8C700672AF8 /* Main.xcdatamodeld */; };
		40F5CBD327F4C6C700672AF8 /* DataController.swift in Sources */ = {isa = PBXBuildFile; fileRef = 40F5CBD227F4C6C700672AF8 /* DataController.swift */; };
/* End PBXBuildFile section */

/* Begin PBXContainerItemProxy section */
		40935B502805B9A7001F5114 /* PBXContainerItemProxy */ = {
			isa = PBXContainerItemProxy;
			containerPortal = 40F5CBB627F4B7F700672AF8 /* Project object */;
			proxyType = 1;
			remoteGlobalIDString = 40F5CBBD27F4B7F700672AF8;
			remoteInfo = UltimatePortfolioApp;
		};
/* End PBXContainerItemProxy section */

/* Begin PBXFileReference section */
		4038CBDB27FF561200AE5BDF /* SelectSomethingView.swift */ = {isa = PBXFileReference; lastKnownFileType = sourcecode.swift; path = SelectSomethingView.swift; sourceTree = "<group>"; };
		403EE22528009995006D20B1 /* en */ = {isa = PBXFileReference; lastKnownFileType = text.plist.strings; name = en; path = en.lproj/Localizable.strings; sourceTree = "<group>"; };
		403EE227280099A4006D20B1 /* pl */ = {isa = PBXFileReference; lastKnownFileType = text.plist.strings; name = pl; path = pl.lproj/Localizable.strings; sourceTree = "<group>"; };
		403EE22928009A21006D20B1 /* en */ = {isa = PBXFileReference; lastKnownFileType = text.plist.stringsdict; name = en; path = en.lproj/Localizable.stringsdict; sourceTree = "<group>"; };
		403EE22B28009A23006D20B1 /* pl */ = {isa = PBXFileReference; lastKnownFileType = text.plist.stringsdict; name = pl; path = pl.lproj/Localizable.stringsdict; sourceTree = "<group>"; };
		403EE22D28009ADF006D20B1 /* en */ = {isa = PBXFileReference; lastKnownFileType = text.json; name = en; path = en.lproj/Awards.json; sourceTree = "<group>"; };
		403EE22F28009AE1006D20B1 /* pl */ = {isa = PBXFileReference; lastKnownFileType = text.json; name = pl; path = pl.lproj/Awards.json; sourceTree = "<group>"; };
		403EE230280309B8006D20B1 /* ItemListView.swift */ = {isa = PBXFileReference; lastKnownFileType = sourcecode.swift; path = ItemListView.swift; sourceTree = "<group>"; };
		403EE23228030A99006D20B1 /* ProjectSummaryView.swift */ = {isa = PBXFileReference; lastKnownFileType = sourcecode.swift; path = ProjectSummaryView.swift; sourceTree = "<group>"; };
		40765FC927FB689100F7DAB4 /* Item-CoreDataHelpers.swift */ = {isa = PBXFileReference; lastKnownFileType = sourcecode.swift; path = "Item-CoreDataHelpers.swift"; sourceTree = "<group>"; };
		40765FCB27FB69B300F7DAB4 /* Project-CoreDataHelpers.swift */ = {isa = PBXFileReference; lastKnownFileType = sourcecode.swift; path = "Project-CoreDataHelpers.swift"; sourceTree = "<group>"; };
		40935B4C2805B9A7001F5114 /* UltimatePortfolioAppTests.xctest */ = {isa = PBXFileReference; explicitFileType = wrapper.cfbundle; includeInIndex = 0; path = UltimatePortfolioAppTests.xctest; sourceTree = BUILT_PRODUCTS_DIR; };
		40935B4E2805B9A7001F5114 /* UltimatePortfolioAppTests.swift */ = {isa = PBXFileReference; lastKnownFileType = sourcecode.swift; path = UltimatePortfolioAppTests.swift; sourceTree = "<group>"; };
		40935B552805BBE2001F5114 /* AssetTest.swift */ = {isa = PBXFileReference; lastKnownFileType = sourcecode.swift; path = AssetTest.swift; sourceTree = "<group>"; };
		409DC7F327FD957B003720DC /* EditItemView.swift */ = {isa = PBXFileReference; lastKnownFileType = sourcecode.swift; path = EditItemView.swift; sourceTree = "<group>"; };
		409DC7F527FD99E8003720DC /* ItemRowView.swift */ = {isa = PBXFileReference; lastKnownFileType = sourcecode.swift; path = ItemRowView.swift; sourceTree = "<group>"; };
		409DC7F727FD9DB2003720DC /* Binding-onChange.swift */ = {isa = PBXFileReference; lastKnownFileType = sourcecode.swift; path = "Binding-onChange.swift"; sourceTree = "<group>"; };
		409DC7F927FDA66E003720DC /* ProjectHeaderView.swift */ = {isa = PBXFileReference; lastKnownFileType = sourcecode.swift; path = ProjectHeaderView.swift; sourceTree = "<group>"; };
		409DC7FB27FDA937003720DC /* Colors.xcassets */ = {isa = PBXFileReference; lastKnownFileType = folder.assetcatalog; path = Colors.xcassets; sourceTree = "<group>"; };
		409DC7FD27FDB339003720DC /* EditProjectView.swift */ = {isa = PBXFileReference; lastKnownFileType = sourcecode.swift; path = EditProjectView.swift; sourceTree = "<group>"; };
		40A5CCD528003DBB007E44F7 /* Bundle-Decodable.swift */ = {isa = PBXFileReference; lastKnownFileType = sourcecode.swift; path = "Bundle-Decodable.swift"; sourceTree = "<group>"; };
		40A5CCD92800456B007E44F7 /* Award.swift */ = {isa = PBXFileReference; lastKnownFileType = sourcecode.swift; path = Award.swift; sourceTree = "<group>"; };
		40A5CCDB2800464F007E44F7 /* AwardsView.swift */ = {isa = PBXFileReference; lastKnownFileType = sourcecode.swift; path = AwardsView.swift; sourceTree = "<group>"; };
		40A5CCDD28005AB3007E44F7 /* Color-Additions.swift */ = {isa = PBXFileReference; lastKnownFileType = sourcecode.swift; path = "Color-Additions.swift"; sourceTree = "<group>"; };
		40C27D4A27FB32920057B85D /* Info.plist */ = {isa = PBXFileReference; lastKnownFileType = text.plist.xml; path = Info.plist; sourceTree = "<group>"; };
		40C27D4B27FB35A20057B85D /* HomeView.swift */ = {isa = PBXFileReference; lastKnownFileType = sourcecode.swift; path = HomeView.swift; sourceTree = "<group>"; };
		40C27D4D27FB362F0057B85D /* ProjectsView.swift */ = {isa = PBXFileReference; lastKnownFileType = sourcecode.swift; path = ProjectsView.swift; sourceTree = "<group>"; };
		40E0887F2806CF9200E0BC78 /* ProjectTests.swift */ = {isa = PBXFileReference; lastKnownFileType = sourcecode.swift; path = ProjectTests.swift; sourceTree = "<group>"; };
		40E088812806D7E700E0BC78 /* AwardTests.swift */ = {isa = PBXFileReference; lastKnownFileType = sourcecode.swift; path = AwardTests.swift; sourceTree = "<group>"; };
		40E088832806F14200E0BC78 /* DevelopmentTests.swift */ = {isa = PBXFileReference; lastKnownFileType = sourcecode.swift; path = DevelopmentTests.swift; sourceTree = "<group>"; };
		40F5CBBE27F4B7F700672AF8 /* UltimatePortfolioApp.app */ = {isa = PBXFileReference; explicitFileType = wrapper.application; includeInIndex = 0; path = UltimatePortfolioApp.app; sourceTree = BUILT_PRODUCTS_DIR; };
		40F5CBC127F4B7F700672AF8 /* UltimatePortoflioAppApp.swift */ = {isa = PBXFileReference; lastKnownFileType = sourcecode.swift; path = UltimatePortoflioAppApp.swift; sourceTree = "<group>"; };
		40F5CBC327F4B7F700672AF8 /* ContentView.swift */ = {isa = PBXFileReference; lastKnownFileType = sourcecode.swift; path = ContentView.swift; sourceTree = "<group>"; };
		40F5CBC527F4B7F900672AF8 /* Assets.xcassets */ = {isa = PBXFileReference; lastKnownFileType = folder.assetcatalog; path = Assets.xcassets; sourceTree = "<group>"; };
		40F5CBC827F4B7F900672AF8 /* Preview Assets.xcassets */ = {isa = PBXFileReference; lastKnownFileType = folder.assetcatalog; path = "Preview Assets.xcassets"; sourceTree = "<group>"; };
		40F5CBD027F4B8C700672AF8 /* Main.xcdatamodel */ = {isa = PBXFileReference; lastKnownFileType = wrapper.xcdatamodel; path = Main.xcdatamodel; sourceTree = "<group>"; };
		40F5CBD227F4C6C700672AF8 /* DataController.swift */ = {isa = PBXFileReference; lastKnownFileType = sourcecode.swift; path = DataController.swift; sourceTree = "<group>"; };
/* End PBXFileReference section */

/* Begin PBXFrameworksBuildPhase section */
		40935B492805B9A7001F5114 /* Frameworks */ = {
			isa = PBXFrameworksBuildPhase;
			buildActionMask = 2147483647;
			files = (
			);
			runOnlyForDeploymentPostprocessing = 0;
		};
		40F5CBBB27F4B7F700672AF8 /* Frameworks */ = {
			isa = PBXFrameworksBuildPhase;
			buildActionMask = 2147483647;
			files = (
			);
			runOnlyForDeploymentPostprocessing = 0;
		};
/* End PBXFrameworksBuildPhase section */

/* Begin PBXGroup section */
		40935B412805AC16001F5114 /* Extensions */ = {
			isa = PBXGroup;
			children = (
				40765FC927FB689100F7DAB4 /* Item-CoreDataHelpers.swift */,
				40765FCB27FB69B300F7DAB4 /* Project-CoreDataHelpers.swift */,
				409DC7F727FD9DB2003720DC /* Binding-onChange.swift */,
				40A5CCD528003DBB007E44F7 /* Bundle-Decodable.swift */,
				40A5CCDD28005AB3007E44F7 /* Color-Additions.swift */,
			);
			path = Extensions;
			sourceTree = "<group>";
		};
		40935B422805AC1C001F5114 /* Localization */ = {
			isa = PBXGroup;
			children = (
				403EE22A28009A21006D20B1 /* Localizable.stringsdict */,
				403EE22628009995006D20B1 /* Localizable.strings */,
			);
			path = Localization;
			sourceTree = "<group>";
		};
		40935B432805AC24001F5114 /* Configuration */ = {
			isa = PBXGroup;
			children = (
				40C27D4A27FB32920057B85D /* Info.plist */,
				40F5CBCF27F4B8C700672AF8 /* Main.xcdatamodeld */,
			);
			path = Configuration;
			sourceTree = "<group>";
		};
		40935B442805ADC4001F5114 /* Activities */ = {
			isa = PBXGroup;
			children = (
				40935B452805ADD8001F5114 /* Home */,
				40935B462805ADDD001F5114 /* Projects */,
				40935B472805ADE3001F5114 /* Awards */,
			);
			path = Activities;
			sourceTree = "<group>";
		};
		40935B452805ADD8001F5114 /* Home */ = {
			isa = PBXGroup;
			children = (
				40C27D4B27FB35A20057B85D /* HomeView.swift */,
				403EE230280309B8006D20B1 /* ItemListView.swift */,
				403EE23228030A99006D20B1 /* ProjectSummaryView.swift */,
			);
			path = Home;
			sourceTree = "<group>";
		};
		40935B462805ADDD001F5114 /* Projects */ = {
			isa = PBXGroup;
			children = (
				40C27D4D27FB362F0057B85D /* ProjectsView.swift */,
				4038CBDB27FF561200AE5BDF /* SelectSomethingView.swift */,
				409DC7F927FDA66E003720DC /* ProjectHeaderView.swift */,
				409DC7F527FD99E8003720DC /* ItemRowView.swift */,
				409DC7F327FD957B003720DC /* EditItemView.swift */,
				409DC7FD27FDB339003720DC /* EditProjectView.swift */,
			);
			path = Projects;
			sourceTree = "<group>";
		};
		40935B472805ADE3001F5114 /* Awards */ = {
			isa = PBXGroup;
			children = (
				40A5CCDB2800464F007E44F7 /* AwardsView.swift */,
				40A5CCD92800456B007E44F7 /* Award.swift */,
				403EE22E28009ADF006D20B1 /* Awards.json */,
			);
			path = Awards;
			sourceTree = "<group>";
		};
		40935B4D2805B9A7001F5114 /* UltimatePortfolioAppTests */ = {
			isa = PBXGroup;
			children = (
				40E088832806F14200E0BC78 /* DevelopmentTests.swift */,
				40E0887F2806CF9200E0BC78 /* ProjectTests.swift */,
				40E088812806D7E700E0BC78 /* AwardTests.swift */,
				40935B4E2805B9A7001F5114 /* UltimatePortfolioAppTests.swift */,
				40935B552805BBE2001F5114 /* AssetTest.swift */,
			);
			path = UltimatePortfolioAppTests;
			sourceTree = "<group>";
		};
		40F5CBB527F4B7F700672AF8 = {
			isa = PBXGroup;
			children = (
				40F5CBC027F4B7F700672AF8 /* UltimatePortoflioApp */,
				40935B4D2805B9A7001F5114 /* UltimatePortfolioAppTests */,
				40F5CBBF27F4B7F700672AF8 /* Products */,
			);
			sourceTree = "<group>";
		};
		40F5CBBF27F4B7F700672AF8 /* Products */ = {
			isa = PBXGroup;
			children = (
				40F5CBBE27F4B7F700672AF8 /* UltimatePortfolioApp.app */,
				40935B4C2805B9A7001F5114 /* UltimatePortfolioAppTests.xctest */,
			);
			name = Products;
			sourceTree = "<group>";
		};
		40F5CBC027F4B7F700672AF8 /* UltimatePortoflioApp */ = {
			isa = PBXGroup;
			children = (
				40935B442805ADC4001F5114 /* Activities */,
				40935B432805AC24001F5114 /* Configuration */,
				40935B422805AC1C001F5114 /* Localization */,
				40935B412805AC16001F5114 /* Extensions */,
				40F5CBD227F4C6C700672AF8 /* DataController.swift */,
				40F5CBC127F4B7F700672AF8 /* UltimatePortoflioAppApp.swift */,
				40F5CBC327F4B7F700672AF8 /* ContentView.swift */,
				40F5CBC527F4B7F900672AF8 /* Assets.xcassets */,
				409DC7FB27FDA937003720DC /* Colors.xcassets */,
				40F5CBC727F4B7F900672AF8 /* Preview Content */,
			);
			path = UltimatePortoflioApp;
			sourceTree = "<group>";
		};
		40F5CBC727F4B7F900672AF8 /* Preview Content */ = {
			isa = PBXGroup;
			children = (
				40F5CBC827F4B7F900672AF8 /* Preview Assets.xcassets */,
			);
			path = "Preview Content";
			sourceTree = "<group>";
		};
/* End PBXGroup section */

/* Begin PBXNativeTarget section */
		40935B4B2805B9A7001F5114 /* UltimatePortfolioAppTests */ = {
			isa = PBXNativeTarget;
			buildConfigurationList = 40935B522805B9A7001F5114 /* Build configuration list for PBXNativeTarget "UltimatePortfolioAppTests" */;
			buildPhases = (
				40935B482805B9A7001F5114 /* Sources */,
				40935B492805B9A7001F5114 /* Frameworks */,
				40935B4A2805B9A7001F5114 /* Resources */,
			);
			buildRules = (
			);
			dependencies = (
				40935B512805B9A7001F5114 /* PBXTargetDependency */,
			);
			name = UltimatePortfolioAppTests;
			productName = UltimatePortfolioAppTests;
			productReference = 40935B4C2805B9A7001F5114 /* UltimatePortfolioAppTests.xctest */;
			productType = "com.apple.product-type.bundle.unit-test";
		};
		40F5CBBD27F4B7F700672AF8 /* UltimatePortfolioApp */ = {
			isa = PBXNativeTarget;
			buildConfigurationList = 40F5CBCC27F4B7F900672AF8 /* Build configuration list for PBXNativeTarget "UltimatePortfolioApp" */;
			buildPhases = (
				40935B3D2805775C001F5114 /* SwiftLint */,
				40F5CBBA27F4B7F700672AF8 /* Sources */,
				40F5CBBB27F4B7F700672AF8 /* Frameworks */,
				40F5CBBC27F4B7F700672AF8 /* Resources */,
			);
			buildRules = (
			);
			dependencies = (
			);
			name = UltimatePortfolioApp;
			productName = UltimatePortoflioApp;
			productReference = 40F5CBBE27F4B7F700672AF8 /* UltimatePortfolioApp.app */;
			productType = "com.apple.product-type.application";
		};
/* End PBXNativeTarget section */

/* Begin PBXProject section */
		40F5CBB627F4B7F700672AF8 /* Project object */ = {
			isa = PBXProject;
			attributes = {
				BuildIndependentTargetsInParallel = 1;
				LastSwiftUpdateCheck = 1330;
				LastUpgradeCheck = 1330;
				TargetAttributes = {
					40935B4B2805B9A7001F5114 = {
						CreatedOnToolsVersion = 13.3;
						TestTargetID = 40F5CBBD27F4B7F700672AF8;
					};
					40F5CBBD27F4B7F700672AF8 = {
						CreatedOnToolsVersion = 13.3;
					};
				};
			};
			buildConfigurationList = 40F5CBB927F4B7F700672AF8 /* Build configuration list for PBXProject "UltimatePortfolioApp" */;
			compatibilityVersion = "Xcode 13.0";
			developmentRegion = en;
			hasScannedForEncodings = 0;
			knownRegions = (
				en,
				Base,
				pl,
			);
			mainGroup = 40F5CBB527F4B7F700672AF8;
			productRefGroup = 40F5CBBF27F4B7F700672AF8 /* Products */;
			projectDirPath = "";
			projectRoot = "";
			targets = (
				40F5CBBD27F4B7F700672AF8 /* UltimatePortfolioApp */,
				40935B4B2805B9A7001F5114 /* UltimatePortfolioAppTests */,
			);
		};
/* End PBXProject section */

/* Begin PBXResourcesBuildPhase section */
		40935B4A2805B9A7001F5114 /* Resources */ = {
			isa = PBXResourcesBuildPhase;
			buildActionMask = 2147483647;
			files = (
			);
			runOnlyForDeploymentPostprocessing = 0;
		};
		40F5CBBC27F4B7F700672AF8 /* Resources */ = {
			isa = PBXResourcesBuildPhase;
			buildActionMask = 2147483647;
			files = (
				403EE22428009995006D20B1 /* Localizable.strings in Resources */,
				409DC7FC27FDA937003720DC /* Colors.xcassets in Resources */,
				403EE22C28009ADF006D20B1 /* Awards.json in Resources */,
				40F5CBC927F4B7F900672AF8 /* Preview Assets.xcassets in Resources */,
				40F5CBC627F4B7F900672AF8 /* Assets.xcassets in Resources */,
				403EE22828009A21006D20B1 /* Localizable.stringsdict in Resources */,
			);
			runOnlyForDeploymentPostprocessing = 0;
		};
/* End PBXResourcesBuildPhase section */

/* Begin PBXShellScriptBuildPhase section */
		40935B3D2805775C001F5114 /* SwiftLint */ = {
			isa = PBXShellScriptBuildPhase;
			buildActionMask = 2147483647;
			files = (
			);
			inputFileListPaths = (
			);
			inputPaths = (
			);
			name = SwiftLint;
			outputFileListPaths = (
			);
			outputPaths = (
			);
			runOnlyForDeploymentPostprocessing = 0;
			shellPath = /bin/sh;
			shellScript = "if which swiftlint >dev/null; then\n    swiftlint\nelse\n    echo \"warning: Swiftlint not installed, download from https://github.com/realm/Swiftlint\"\nfi\n";
		};
/* End PBXShellScriptBuildPhase section */

/* Begin PBXSourcesBuildPhase section */
		40935B482805B9A7001F5114 /* Sources */ = {
			isa = PBXSourcesBuildPhase;
			buildActionMask = 2147483647;
			files = (
				40935B562805BBE2001F5114 /* AssetTest.swift in Sources */,
				40E088822806D7E700E0BC78 /* AwardTests.swift in Sources */,
				40935B4F2805B9A7001F5114 /* UltimatePortfolioAppTests.swift in Sources */,
				40E088802806CF9200E0BC78 /* ProjectTests.swift in Sources */,
				40E088842806F14200E0BC78 /* DevelopmentTests.swift in Sources */,
			);
			runOnlyForDeploymentPostprocessing = 0;
		};
		40F5CBBA27F4B7F700672AF8 /* Sources */ = {
			isa = PBXSourcesBuildPhase;
			buildActionMask = 2147483647;
			files = (
				40C27D4E27FB362F0057B85D /* ProjectsView.swift in Sources */,
				40A5CCDE28005AB3007E44F7 /* Color-Additions.swift in Sources */,
				409DC7FA27FDA66E003720DC /* ProjectHeaderView.swift in Sources */,
				40A5CCD628003DBB007E44F7 /* Bundle-Decodable.swift in Sources */,
				40F5CBD127F4B8C700672AF8 /* Main.xcdatamodeld in Sources */,
				403EE231280309B8006D20B1 /* ItemListView.swift in Sources */,
				4038CBDC27FF561200AE5BDF /* SelectSomethingView.swift in Sources */,
				40A5CCDA2800456B007E44F7 /* Award.swift in Sources */,
				40A5CCDC2800464F007E44F7 /* AwardsView.swift in Sources */,
				40765FCC27FB69B300F7DAB4 /* Project-CoreDataHelpers.swift in Sources */,
				409DC7FE27FDB339003720DC /* EditProjectView.swift in Sources */,
				403EE23328030A99006D20B1 /* ProjectSummaryView.swift in Sources */,
				40F5CBD327F4C6C700672AF8 /* DataController.swift in Sources */,
				409DC7F627FD99E8003720DC /* ItemRowView.swift in Sources */,
				409DC7F827FD9DB2003720DC /* Binding-onChange.swift in Sources */,
				40F5CBC427F4B7F700672AF8 /* ContentView.swift in Sources */,
				40C27D4C27FB35A20057B85D /* HomeView.swift in Sources */,
				40F5CBC227F4B7F700672AF8 /* UltimatePortoflioAppApp.swift in Sources */,
				40765FCA27FB689100F7DAB4 /* Item-CoreDataHelpers.swift in Sources */,
				409DC7F427FD957B003720DC /* EditItemView.swift in Sources */,
			);
			runOnlyForDeploymentPostprocessing = 0;
		};
/* End PBXSourcesBuildPhase section */

/* Begin PBXTargetDependency section */
		40935B512805B9A7001F5114 /* PBXTargetDependency */ = {
			isa = PBXTargetDependency;
			target = 40F5CBBD27F4B7F700672AF8 /* UltimatePortfolioApp */;
			targetProxy = 40935B502805B9A7001F5114 /* PBXContainerItemProxy */;
		};
/* End PBXTargetDependency section */

/* Begin PBXVariantGroup section */
		403EE22628009995006D20B1 /* Localizable.strings */ = {
			isa = PBXVariantGroup;
			children = (
				403EE22528009995006D20B1 /* en */,
				403EE227280099A4006D20B1 /* pl */,
			);
			name = Localizable.strings;
			sourceTree = "<group>";
		};
		403EE22A28009A21006D20B1 /* Localizable.stringsdict */ = {
			isa = PBXVariantGroup;
			children = (
				403EE22928009A21006D20B1 /* en */,
				403EE22B28009A23006D20B1 /* pl */,
			);
			name = Localizable.stringsdict;
			sourceTree = "<group>";
		};
		403EE22E28009ADF006D20B1 /* Awards.json */ = {
			isa = PBXVariantGroup;
			children = (
				403EE22D28009ADF006D20B1 /* en */,
				403EE22F28009AE1006D20B1 /* pl */,
			);
			name = Awards.json;
			sourceTree = "<group>";
		};
/* End PBXVariantGroup section */

/* Begin XCBuildConfiguration section */
		40935B532805B9A7001F5114 /* Debug */ = {
			isa = XCBuildConfiguration;
			buildSettings = {
				BUNDLE_LOADER = "$(TEST_HOST)";
				CODE_SIGN_STYLE = Automatic;
				CURRENT_PROJECT_VERSION = 1;
				DEVELOPMENT_TEAM = FU45F4SL37;
				GENERATE_INFOPLIST_FILE = YES;
				MARKETING_VERSION = 1.0;
				PRODUCT_BUNDLE_IDENTIFIER = me.ogrodowski.tomasz.UltimatePortfolioAppTests;
				PRODUCT_NAME = "$(TARGET_NAME)";
				SWIFT_EMIT_LOC_STRINGS = NO;
				SWIFT_VERSION = 5.0;
				TARGETED_DEVICE_FAMILY = "1,2";
				TEST_HOST = "$(BUILT_PRODUCTS_DIR)/UltimatePortfolioApp.app/UltimatePortfolioApp";
			};
			name = Debug;
		};
		40935B542805B9A7001F5114 /* Release */ = {
			isa = XCBuildConfiguration;
			buildSettings = {
				BUNDLE_LOADER = "$(TEST_HOST)";
				CODE_SIGN_STYLE = Automatic;
				CURRENT_PROJECT_VERSION = 1;
				DEVELOPMENT_TEAM = FU45F4SL37;
				GENERATE_INFOPLIST_FILE = YES;
				MARKETING_VERSION = 1.0;
				PRODUCT_BUNDLE_IDENTIFIER = me.ogrodowski.tomasz.UltimatePortfolioAppTests;
				PRODUCT_NAME = "$(TARGET_NAME)";
				SWIFT_EMIT_LOC_STRINGS = NO;
				SWIFT_VERSION = 5.0;
				TARGETED_DEVICE_FAMILY = "1,2";
				TEST_HOST = "$(BUILT_PRODUCTS_DIR)/UltimatePortfolioApp.app/UltimatePortfolioApp";
			};
			name = Release;
		};
		40F5CBCA27F4B7F900672AF8 /* Debug */ = {
			isa = XCBuildConfiguration;
			buildSettings = {
				ALWAYS_SEARCH_USER_PATHS = NO;
				CLANG_ANALYZER_NONNULL = YES;
				CLANG_ANALYZER_NUMBER_OBJECT_CONVERSION = YES_AGGRESSIVE;
				CLANG_CXX_LANGUAGE_STANDARD = "gnu++17";
				CLANG_ENABLE_MODULES = YES;
				CLANG_ENABLE_OBJC_ARC = YES;
				CLANG_ENABLE_OBJC_WEAK = YES;
				CLANG_WARN_BLOCK_CAPTURE_AUTORELEASING = YES;
				CLANG_WARN_BOOL_CONVERSION = YES;
				CLANG_WARN_COMMA = YES;
				CLANG_WARN_CONSTANT_CONVERSION = YES;
				CLANG_WARN_DEPRECATED_OBJC_IMPLEMENTATIONS = YES;
				CLANG_WARN_DIRECT_OBJC_ISA_USAGE = YES_ERROR;
				CLANG_WARN_DOCUMENTATION_COMMENTS = YES;
				CLANG_WARN_EMPTY_BODY = YES;
				CLANG_WARN_ENUM_CONVERSION = YES;
				CLANG_WARN_INFINITE_RECURSION = YES;
				CLANG_WARN_INT_CONVERSION = YES;
				CLANG_WARN_NON_LITERAL_NULL_CONVERSION = YES;
				CLANG_WARN_OBJC_IMPLICIT_RETAIN_SELF = YES;
				CLANG_WARN_OBJC_LITERAL_CONVERSION = YES;
				CLANG_WARN_OBJC_ROOT_CLASS = YES_ERROR;
				CLANG_WARN_QUOTED_INCLUDE_IN_FRAMEWORK_HEADER = YES;
				CLANG_WARN_RANGE_LOOP_ANALYSIS = YES;
				CLANG_WARN_STRICT_PROTOTYPES = YES;
				CLANG_WARN_SUSPICIOUS_MOVE = YES;
				CLANG_WARN_UNGUARDED_AVAILABILITY = YES_AGGRESSIVE;
				CLANG_WARN_UNREACHABLE_CODE = YES;
				CLANG_WARN__DUPLICATE_METHOD_MATCH = YES;
				COPY_PHASE_STRIP = NO;
				DEBUG_INFORMATION_FORMAT = dwarf;
				ENABLE_STRICT_OBJC_MSGSEND = YES;
				ENABLE_TESTABILITY = YES;
				GCC_C_LANGUAGE_STANDARD = gnu11;
				GCC_DYNAMIC_NO_PIC = NO;
				GCC_NO_COMMON_BLOCKS = YES;
				GCC_OPTIMIZATION_LEVEL = 0;
				GCC_PREPROCESSOR_DEFINITIONS = (
					"DEBUG=1",
					"$(inherited)",
				);
				GCC_WARN_64_TO_32_BIT_CONVERSION = YES;
				GCC_WARN_ABOUT_RETURN_TYPE = YES_ERROR;
				GCC_WARN_UNDECLARED_SELECTOR = YES;
				GCC_WARN_UNINITIALIZED_AUTOS = YES_AGGRESSIVE;
				GCC_WARN_UNUSED_FUNCTION = YES;
				GCC_WARN_UNUSED_VARIABLE = YES;
				IPHONEOS_DEPLOYMENT_TARGET = 15.4;
				MTL_ENABLE_DEBUG_INFO = INCLUDE_SOURCE;
				MTL_FAST_MATH = YES;
				ONLY_ACTIVE_ARCH = YES;
				SDKROOT = iphoneos;
				SWIFT_ACTIVE_COMPILATION_CONDITIONS = DEBUG;
				SWIFT_OPTIMIZATION_LEVEL = "-Onone";
			};
			name = Debug;
		};
		40F5CBCB27F4B7F900672AF8 /* Release */ = {
			isa = XCBuildConfiguration;
			buildSettings = {
				ALWAYS_SEARCH_USER_PATHS = NO;
				CLANG_ANALYZER_NONNULL = YES;
				CLANG_ANALYZER_NUMBER_OBJECT_CONVERSION = YES_AGGRESSIVE;
				CLANG_CXX_LANGUAGE_STANDARD = "gnu++17";
				CLANG_ENABLE_MODULES = YES;
				CLANG_ENABLE_OBJC_ARC = YES;
				CLANG_ENABLE_OBJC_WEAK = YES;
				CLANG_WARN_BLOCK_CAPTURE_AUTORELEASING = YES;
				CLANG_WARN_BOOL_CONVERSION = YES;
				CLANG_WARN_COMMA = YES;
				CLANG_WARN_CONSTANT_CONVERSION = YES;
				CLANG_WARN_DEPRECATED_OBJC_IMPLEMENTATIONS = YES;
				CLANG_WARN_DIRECT_OBJC_ISA_USAGE = YES_ERROR;
				CLANG_WARN_DOCUMENTATION_COMMENTS = YES;
				CLANG_WARN_EMPTY_BODY = YES;
				CLANG_WARN_ENUM_CONVERSION = YES;
				CLANG_WARN_INFINITE_RECURSION = YES;
				CLANG_WARN_INT_CONVERSION = YES;
				CLANG_WARN_NON_LITERAL_NULL_CONVERSION = YES;
				CLANG_WARN_OBJC_IMPLICIT_RETAIN_SELF = YES;
				CLANG_WARN_OBJC_LITERAL_CONVERSION = YES;
				CLANG_WARN_OBJC_ROOT_CLASS = YES_ERROR;
				CLANG_WARN_QUOTED_INCLUDE_IN_FRAMEWORK_HEADER = YES;
				CLANG_WARN_RANGE_LOOP_ANALYSIS = YES;
				CLANG_WARN_STRICT_PROTOTYPES = YES;
				CLANG_WARN_SUSPICIOUS_MOVE = YES;
				CLANG_WARN_UNGUARDED_AVAILABILITY = YES_AGGRESSIVE;
				CLANG_WARN_UNREACHABLE_CODE = YES;
				CLANG_WARN__DUPLICATE_METHOD_MATCH = YES;
				COPY_PHASE_STRIP = NO;
				DEBUG_INFORMATION_FORMAT = "dwarf-with-dsym";
				ENABLE_NS_ASSERTIONS = NO;
				ENABLE_STRICT_OBJC_MSGSEND = YES;
				GCC_C_LANGUAGE_STANDARD = gnu11;
				GCC_NO_COMMON_BLOCKS = YES;
				GCC_WARN_64_TO_32_BIT_CONVERSION = YES;
				GCC_WARN_ABOUT_RETURN_TYPE = YES_ERROR;
				GCC_WARN_UNDECLARED_SELECTOR = YES;
				GCC_WARN_UNINITIALIZED_AUTOS = YES_AGGRESSIVE;
				GCC_WARN_UNUSED_FUNCTION = YES;
				GCC_WARN_UNUSED_VARIABLE = YES;
				IPHONEOS_DEPLOYMENT_TARGET = 15.4;
				MTL_ENABLE_DEBUG_INFO = NO;
				MTL_FAST_MATH = YES;
				SDKROOT = iphoneos;
				SWIFT_COMPILATION_MODE = wholemodule;
				SWIFT_OPTIMIZATION_LEVEL = "-O";
				VALIDATE_PRODUCT = YES;
			};
			name = Release;
		};
		40F5CBCD27F4B7F900672AF8 /* Debug */ = {
			isa = XCBuildConfiguration;
			buildSettings = {
				ASSETCATALOG_COMPILER_APPICON_NAME = AppIcon;
				ASSETCATALOG_COMPILER_GLOBAL_ACCENT_COLOR_NAME = AccentColor;
				CODE_SIGN_STYLE = Automatic;
				CURRENT_PROJECT_VERSION = 1;
				DEVELOPMENT_ASSET_PATHS = "\"UltimatePortoflioApp/Preview Content\"";
				DEVELOPMENT_TEAM = FU45F4SL37;
				ENABLE_PREVIEWS = YES;
				GENERATE_INFOPLIST_FILE = YES;
				INFOPLIST_FILE = UltimatePortoflioApp/Configuration/Info.plist;
				INFOPLIST_KEY_UIApplicationSceneManifest_Generation = NO;
				INFOPLIST_KEY_UIApplicationSupportsIndirectInputEvents = YES;
				INFOPLIST_KEY_UILaunchScreen_Generation = YES;
				INFOPLIST_KEY_UISupportedInterfaceOrientations_iPad = "UIInterfaceOrientationPortrait UIInterfaceOrientationPortraitUpsideDown UIInterfaceOrientationLandscapeLeft UIInterfaceOrientationLandscapeRight";
				INFOPLIST_KEY_UISupportedInterfaceOrientations_iPhone = "UIInterfaceOrientationPortrait UIInterfaceOrientationLandscapeLeft UIInterfaceOrientationLandscapeRight";
				LD_RUNPATH_SEARCH_PATHS = (
					"$(inherited)",
					"@executable_path/Frameworks",
				);
				MARKETING_VERSION = 1.0;
				PRODUCT_BUNDLE_IDENTIFIER = me.ogrodowski.tomasz.UltimatePortoflioApp;
				PRODUCT_NAME = "$(TARGET_NAME)";
				SWIFT_EMIT_LOC_STRINGS = YES;
				SWIFT_VERSION = 5.0;
				TARGETED_DEVICE_FAMILY = "1,2";
			};
			name = Debug;
		};
		40F5CBCE27F4B7F900672AF8 /* Release */ = {
			isa = XCBuildConfiguration;
			buildSettings = {
				ASSETCATALOG_COMPILER_APPICON_NAME = AppIcon;
				ASSETCATALOG_COMPILER_GLOBAL_ACCENT_COLOR_NAME = AccentColor;
				CODE_SIGN_STYLE = Automatic;
				CURRENT_PROJECT_VERSION = 1;
				DEVELOPMENT_ASSET_PATHS = "\"UltimatePortoflioApp/Preview Content\"";
				DEVELOPMENT_TEAM = FU45F4SL37;
				ENABLE_PREVIEWS = YES;
				GENERATE_INFOPLIST_FILE = YES;
				INFOPLIST_FILE = UltimatePortoflioApp/Configuration/Info.plist;
				INFOPLIST_KEY_UIApplicationSceneManifest_Generation = NO;
				INFOPLIST_KEY_UIApplicationSupportsIndirectInputEvents = YES;
				INFOPLIST_KEY_UILaunchScreen_Generation = YES;
				INFOPLIST_KEY_UISupportedInterfaceOrientations_iPad = "UIInterfaceOrientationPortrait UIInterfaceOrientationPortraitUpsideDown UIInterfaceOrientationLandscapeLeft UIInterfaceOrientationLandscapeRight";
				INFOPLIST_KEY_UISupportedInterfaceOrientations_iPhone = "UIInterfaceOrientationPortrait UIInterfaceOrientationLandscapeLeft UIInterfaceOrientationLandscapeRight";
				LD_RUNPATH_SEARCH_PATHS = (
					"$(inherited)",
					"@executable_path/Frameworks",
				);
				MARKETING_VERSION = 1.0;
				PRODUCT_BUNDLE_IDENTIFIER = me.ogrodowski.tomasz.UltimatePortoflioApp;
				PRODUCT_NAME = "$(TARGET_NAME)";
				SWIFT_EMIT_LOC_STRINGS = YES;
				SWIFT_VERSION = 5.0;
				TARGETED_DEVICE_FAMILY = "1,2";
			};
			name = Release;
		};
/* End XCBuildConfiguration section */

/* Begin XCConfigurationList section */
		40935B522805B9A7001F5114 /* Build configuration list for PBXNativeTarget "UltimatePortfolioAppTests" */ = {
			isa = XCConfigurationList;
			buildConfigurations = (
				40935B532805B9A7001F5114 /* Debug */,
				40935B542805B9A7001F5114 /* Release */,
			);
			defaultConfigurationIsVisible = 0;
			defaultConfigurationName = Release;
		};
		40F5CBB927F4B7F700672AF8 /* Build configuration list for PBXProject "UltimatePortfolioApp" */ = {
			isa = XCConfigurationList;
			buildConfigurations = (
				40F5CBCA27F4B7F900672AF8 /* Debug */,
				40F5CBCB27F4B7F900672AF8 /* Release */,
			);
			defaultConfigurationIsVisible = 0;
			defaultConfigurationName = Release;
		};
		40F5CBCC27F4B7F900672AF8 /* Build configuration list for PBXNativeTarget "UltimatePortfolioApp" */ = {
			isa = XCConfigurationList;
			buildConfigurations = (
				40F5CBCD27F4B7F900672AF8 /* Debug */,
				40F5CBCE27F4B7F900672AF8 /* Release */,
			);
			defaultConfigurationIsVisible = 0;
			defaultConfigurationName = Release;
		};
/* End XCConfigurationList section */

/* Begin XCVersionGroup section */
		40F5CBCF27F4B8C700672AF8 /* Main.xcdatamodeld */ = {
			isa = XCVersionGroup;
			children = (
				40F5CBD027F4B8C700672AF8 /* Main.xcdatamodel */,
			);
			currentVersion = 40F5CBD027F4B8C700672AF8 /* Main.xcdatamodel */;
			path = Main.xcdatamodeld;
			sourceTree = "<group>";
			versionGroupType = wrapper.xcdatamodel;
		};
/* End XCVersionGroup section */
	};
	rootObject = 40F5CBB627F4B7F700672AF8 /* Project object */;
}
